
Microsoft Visual Studio Solution File, Format Version 12.00
# Visual Studio Version 16
VisualStudioVersion = 16.0.31402.337
MinimumVisualStudioVersion = 10.0.40219.1
Project("{FAE04EC0-301F-11D3-BF4B-00C04F79EFBC}") = "CRUDDemo", "CRUDDemo\CRUDDemo.csproj", "{48C0D54B-FD65-4D93-8F30-666C044C5998}"
EndProject
Global
	GlobalSection(SolutionConfigurationPlatforms) = preSolution
		Debug|Any CPU = Debug|Any CPU
		Release|Any CPU = Release|Any CPU
	EndGlobalSection
	GlobalSection(ProjectConfigurationPlatforms) = postSolution
		{48C0D54B-FD65-4D93-8F30-666C044C5998}.Debug|Any CPU.ActiveCfg = Debug|Any CPU
		{48C0D54B-FD65-4D93-8F30-666C044C5998}.Debug|Any CPU.Build.0 = Debug|Any CPU
		{48C0D54B-FD65-4D93-8F30-666C044C5998}.Release|Any CPU.ActiveCfg = Release|Any CPU
		{48C0D54B-FD65-4D93-8F30-666C044C5998}.Release|Any CPU.Build.0 = Release|Any CPU
	EndGlobalSection
	GlobalSection(SolutionProperties) = preSolution
		HideSolutionNode = FALSE
	EndGlobalSection
	GlobalSection(ExtensibilityGlobals) = postSolution
		SolutionGuid = {E3832C83-60D7-42A4-8897-E5EF6D49C7A9}
	EndGlobalSection
EndGlobal
